
Microsoft Visual Studio Solution File, Format Version 12.00
Project("{FAE04EC0-301F-11D3-BF4B-00C04F79EFBC}") = "Migratio", "Migratio\Migratio.csproj", "{7A232062-3B44-4B72-8E08-C926B81F1C8A}"
EndProject
Project("{FAE04EC0-301F-11D3-BF4B-00C04F79EFBC}") = "Migratio.UnitTests", "Migratio.UnitTests\Migratio.UnitTests.csproj", "{7847F8F5-1E80-4B24-AEA1-B926FB7C669B}"
EndProject
Global
	GlobalSection(SolutionConfigurationPlatforms) = preSolution
		Debug|Any CPU = Debug|Any CPU
		Release|Any CPU = Release|Any CPU
	EndGlobalSection
	GlobalSection(ProjectConfigurationPlatforms) = postSolution
		{7A232062-3B44-4B72-8E08-C926B81F1C8A}.Debug|Any CPU.ActiveCfg = Debug|Any CPU
		{7A232062-3B44-4B72-8E08-C926B81F1C8A}.Debug|Any CPU.Build.0 = Debug|Any CPU
		{7A232062-3B44-4B72-8E08-C926B81F1C8A}.Release|Any CPU.ActiveCfg = Release|Any CPU
		{7A232062-3B44-4B72-8E08-C926B81F1C8A}.Release|Any CPU.Build.0 = Release|Any CPU
		{7847F8F5-1E80-4B24-AEA1-B926FB7C669B}.Debug|Any CPU.ActiveCfg = Debug|Any CPU
		{7847F8F5-1E80-4B24-AEA1-B926FB7C669B}.Debug|Any CPU.Build.0 = Debug|Any CPU
		{7847F8F5-1E80-4B24-AEA1-B926FB7C669B}.Release|Any CPU.ActiveCfg = Release|Any CPU
		{7847F8F5-1E80-4B24-AEA1-B926FB7C669B}.Release|Any CPU.Build.0 = Release|Any CPU
	EndGlobalSection
EndGlobal
